
Microsoft Visual Studio Solution File, Format Version 12.00
# Visual Studio 14
VisualStudioVersion = 14.0.25420.1
MinimumVisualStudioVersion = 10.0.40219.1
Project("{FAE04EC0-301F-11D3-BF4B-00C04F79EFBC}") = "EIS.BOL", "EIS.BOL\EIS.BOL.csproj", "{4A6F4469-33E1-4CB6-A4B4-BDB85FDC37AD}"
EndProject
Project("{FAE04EC0-301F-11D3-BF4B-00C04F79EFBC}") = "EIS.DAL", "EIS.DAL\EIS.DAL.csproj", "{07ED4234-E518-4666-BA7A-856160377A2B}"
EndProject
Project("{FAE04EC0-301F-11D3-BF4B-00C04F79EFBC}") = "EIS.ConsoleUI", "EIS.ConsoleUI\EIS.ConsoleUI.csproj", "{C7BE5EEF-A229-4067-94DB-493119DF521A}"
EndProject
Project("{FAE04EC0-301F-11D3-BF4B-00C04F79EFBC}") = "EIS.BLL", "EIS.BLL\EIS.BLL.csproj", "{6AAD99FA-AC9B-4F58-80BC-04B2D8B3783B}"
EndProject
Project("{FAE04EC0-301F-11D3-BF4B-00C04F79EFBC}") = "EIS.API", "EIS.API\EIS.API.csproj", "{70AA0766-F78B-4DE7-9E63-2DA09B29E83C}"
EndProject
Project("{FAE04EC0-301F-11D3-BF4B-00C04F79EFBC}") = "EIS.AngularJSUI", "EIS.AngularJSUI\EIS.AngularJSUI.csproj", "{90724190-FC44-4250-A34B-58C3E4206188}"
EndProject
Global
	GlobalSection(SolutionConfigurationPlatforms) = preSolution
		Debug|Any CPU = Debug|Any CPU
		Release|Any CPU = Release|Any CPU
	EndGlobalSection
	GlobalSection(ProjectConfigurationPlatforms) = postSolution
		{4A6F4469-33E1-4CB6-A4B4-BDB85FDC37AD}.Debug|Any CPU.ActiveCfg = Debug|Any CPU
		{4A6F4469-33E1-4CB6-A4B4-BDB85FDC37AD}.Debug|Any CPU.Build.0 = Debug|Any CPU
		{4A6F4469-33E1-4CB6-A4B4-BDB85FDC37AD}.Release|Any CPU.ActiveCfg = Release|Any CPU
		{4A6F4469-33E1-4CB6-A4B4-BDB85FDC37AD}.Release|Any CPU.Build.0 = Release|Any CPU
		{07ED4234-E518-4666-BA7A-856160377A2B}.Debug|Any CPU.ActiveCfg = Debug|Any CPU
		{07ED4234-E518-4666-BA7A-856160377A2B}.Debug|Any CPU.Build.0 = Debug|Any CPU
		{07ED4234-E518-4666-BA7A-856160377A2B}.Release|Any CPU.ActiveCfg = Release|Any CPU
		{07ED4234-E518-4666-BA7A-856160377A2B}.Release|Any CPU.Build.0 = Release|Any CPU
		{C7BE5EEF-A229-4067-94DB-493119DF521A}.Debug|Any CPU.ActiveCfg = Debug|Any CPU
		{C7BE5EEF-A229-4067-94DB-493119DF521A}.Debug|Any CPU.Build.0 = Debug|Any CPU
		{C7BE5EEF-A229-4067-94DB-493119DF521A}.Release|Any CPU.ActiveCfg = Release|Any CPU
		{C7BE5EEF-A229-4067-94DB-493119DF521A}.Release|Any CPU.Build.0 = Release|Any CPU
		{6AAD99FA-AC9B-4F58-80BC-04B2D8B3783B}.Debug|Any CPU.ActiveCfg = Debug|Any CPU
		{6AAD99FA-AC9B-4F58-80BC-04B2D8B3783B}.Debug|Any CPU.Build.0 = Debug|Any CPU
		{6AAD99FA-AC9B-4F58-80BC-04B2D8B3783B}.Release|Any CPU.ActiveCfg = Release|Any CPU
		{6AAD99FA-AC9B-4F58-80BC-04B2D8B3783B}.Release|Any CPU.Build.0 = Release|Any CPU
		{70AA0766-F78B-4DE7-9E63-2DA09B29E83C}.Debug|Any CPU.ActiveCfg = Debug|Any CPU
		{70AA0766-F78B-4DE7-9E63-2DA09B29E83C}.Debug|Any CPU.Build.0 = Debug|Any CPU
		{70AA0766-F78B-4DE7-9E63-2DA09B29E83C}.Release|Any CPU.ActiveCfg = Release|Any CPU
		{70AA0766-F78B-4DE7-9E63-2DA09B29E83C}.Release|Any CPU.Build.0 = Release|Any CPU
		{90724190-FC44-4250-A34B-58C3E4206188}.Debug|Any CPU.ActiveCfg = Debug|Any CPU
		{90724190-FC44-4250-A34B-58C3E4206188}.Debug|Any CPU.Build.0 = Debug|Any CPU
		{90724190-FC44-4250-A34B-58C3E4206188}.Release|Any CPU.ActiveCfg = Release|Any CPU
		{90724190-FC44-4250-A34B-58C3E4206188}.Release|Any CPU.Build.0 = Release|Any CPU
	EndGlobalSection
	GlobalSection(SolutionProperties) = preSolution
		HideSolutionNode = FALSE
	EndGlobalSection
EndGlobal
